
Microsoft Visual Studio Solution File, Format Version 12.00
# Visual Studio Version 17
VisualStudioVersion = 17.0.31903.59
MinimumVisualStudioVersion = 10.0.40219.1
Project("{2150E333-8FDC-42A3-9474-1A3956D46DE8}") = "src", "src", "{237A82D3-E86C-4015-83DC-D4D9C597A259}"
EndProject
Project("{2150E333-8FDC-42A3-9474-1A3956D46DE8}") = "B_DOMINIO", "B_DOMINIO", "{8C46C0A8-0EB6-173C-A981-82BF4DB4A460}"
EndProject
Project("{FAE04EC0-301F-11D3-BF4B-00C04F79EFBC}") = "Domain", "src\B_DOMINIO\Domain\Domain.csproj", "{63573518-1482-4D15-BAEA-7827C43ECA98}"
EndProject
Project("{2150E333-8FDC-42A3-9474-1A3956D46DE8}") = "C_INFRA", "C_INFRA", "{52B781F5-8244-A15E-C70E-1D008F7DC27F}"
EndProject
Project("{2150E333-8FDC-42A3-9474-1A3956D46DE8}") = "A_MVC", "A_MVC", "{BB549022-68C5-269A-7D3D-D4561D6A98F9}"
EndProject
Project("{FAE04EC0-301F-11D3-BF4B-00C04F79EFBC}") = "Infra", "src\C_INFRA\Infra\Infra.csproj", "{A8450B7B-25D5-478B-A46F-CCFE8119BC74}"
EndProject
Project("{FAE04EC0-301F-11D3-BF4B-00C04F79EFBC}") = "Mvc", "src\A_MVC\Mvc\Mvc.csproj", "{193F3DD9-981D-4838-A08C-BD7C52A87587}"
EndProject
Global
	GlobalSection(SolutionConfigurationPlatforms) = preSolution
		Debug|Any CPU = Debug|Any CPU
		Release|Any CPU = Release|Any CPU
	EndGlobalSection
	GlobalSection(ProjectConfigurationPlatforms) = postSolution
		{63573518-1482-4D15-BAEA-7827C43ECA98}.Debug|Any CPU.ActiveCfg = Debug|Any CPU
		{63573518-1482-4D15-BAEA-7827C43ECA98}.Debug|Any CPU.Build.0 = Debug|Any CPU
		{63573518-1482-4D15-BAEA-7827C43ECA98}.Release|Any CPU.ActiveCfg = Release|Any CPU
		{63573518-1482-4D15-BAEA-7827C43ECA98}.Release|Any CPU.Build.0 = Release|Any CPU
		{A8450B7B-25D5-478B-A46F-CCFE8119BC74}.Debug|Any CPU.ActiveCfg = Debug|Any CPU
		{A8450B7B-25D5-478B-A46F-CCFE8119BC74}.Debug|Any CPU.Build.0 = Debug|Any CPU
		{A8450B7B-25D5-478B-A46F-CCFE8119BC74}.Release|Any CPU.ActiveCfg = Release|Any CPU
		{A8450B7B-25D5-478B-A46F-CCFE8119BC74}.Release|Any CPU.Build.0 = Release|Any CPU
		{193F3DD9-981D-4838-A08C-BD7C52A87587}.Debug|Any CPU.ActiveCfg = Debug|Any CPU
		{193F3DD9-981D-4838-A08C-BD7C52A87587}.Debug|Any CPU.Build.0 = Debug|Any CPU
		{193F3DD9-981D-4838-A08C-BD7C52A87587}.Release|Any CPU.ActiveCfg = Release|Any CPU
		{193F3DD9-981D-4838-A08C-BD7C52A87587}.Release|Any CPU.Build.0 = Release|Any CPU
	EndGlobalSection
	GlobalSection(SolutionProperties) = preSolution
		HideSolutionNode = FALSE
	EndGlobalSection
	GlobalSection(NestedProjects) = preSolution
		{8C46C0A8-0EB6-173C-A981-82BF4DB4A460} = {237A82D3-E86C-4015-83DC-D4D9C597A259}
		{63573518-1482-4D15-BAEA-7827C43ECA98} = {8C46C0A8-0EB6-173C-A981-82BF4DB4A460}
		{52B781F5-8244-A15E-C70E-1D008F7DC27F} = {237A82D3-E86C-4015-83DC-D4D9C597A259}
		{BB549022-68C5-269A-7D3D-D4561D6A98F9} = {237A82D3-E86C-4015-83DC-D4D9C597A259}
		{A8450B7B-25D5-478B-A46F-CCFE8119BC74} = {52B781F5-8244-A15E-C70E-1D008F7DC27F}
		{193F3DD9-981D-4838-A08C-BD7C52A87587} = {BB549022-68C5-269A-7D3D-D4561D6A98F9}
	EndGlobalSection
EndGlobal
